Microsoft Visual Studio Solution File, Format Version 12.00
# Visual Studio Version 17
VisualStudioVersion = 17.5.2.0
MinimumVisualStudioVersion = 10.0.40219.1
Project("{FAE04EC0-301F-11D3-BF4B-00C04F79EFBC}") = "selenium-csharp", "selenium-csharp.csproj", "{59B1782F-1B31-3D52-DBA5-6B901E6E1979}"
EndProject
Global
	GlobalSection(SolutionConfigurationPlatforms) = preSolution
		Debug|Any CPU = Debug|Any CPU
		Release|Any CPU = Release|Any CPU
	EndGlobalSection
	GlobalSection(ProjectConfigurationPlatforms) = postSolution
		{59B1782F-1B31-3D52-DBA5-6B901E6E1979}.Debug|Any CPU.ActiveCfg = Debug|Any CPU
		{59B1782F-1B31-3D52-DBA5-6B901E6E1979}.Debug|Any CPU.Build.0 = Debug|Any CPU
		{59B1782F-1B31-3D52-DBA5-6B901E6E1979}.Release|Any CPU.ActiveCfg = Release|Any CPU
		{59B1782F-1B31-3D52-DBA5-6B901E6E1979}.Release|Any CPU.Build.0 = Release|Any CPU
	EndGlobalSection
	GlobalSection(SolutionProperties) = preSolution
		HideSolutionNode = FALSE
	EndGlobalSection
	GlobalSection(ExtensibilityGlobals) = postSolution
		SolutionGuid = {31A403CE-897A-44EB-93E3-C6CF8EB9E2C4}
	EndGlobalSection
EndGlobal
